
Microsoft Visual Studio Solution File, Format Version 12.00
# Visual Studio Version 17
VisualStudioVersion = 17.2.32630.192
MinimumVisualStudioVersion = 10.0.40219.1
Project("{8BC9CEB8-8B4A-11D0-8D11-00A0C91BC942}") = "Profiler", "Profiler.vcxproj", "{660F7DA7-7BF7-480F-8E2C-16AE1A01E073}"
EndProject
Global
	GlobalSection(SolutionConfigurationPlatforms) = preSolution
		Debug|x64 = Debug|x64
		Debug|x86 = Debug|x86
		Release|x64 = Release|x64
		Release|x86 = Release|x86
	EndGlobalSection
	GlobalSection(ProjectConfigurationPlatforms) = postSolution
		{660F7DA7-7BF7-480F-8E2C-16AE1A01E073}.Debug|x64.ActiveCfg = Debug|x64
		{660F7DA7-7BF7-480F-8E2C-16AE1A01E073}.Debug|x64.Build.0 = Debug|x64
		{660F7DA7-7BF7-480F-8E2C-16AE1A01E073}.Debug|x86.ActiveCfg = Debug|Win32
		{660F7DA7-7BF7-480F-8E2C-16AE1A01E073}.Debug|x86.Build.0 = Debug|Win32
		{660F7DA7-7BF7-480F-8E2C-16AE1A01E073}.Release|x64.ActiveCfg = Release|x64
		{660F7DA7-7BF7-480F-8E2C-16AE1A01E073}.Release|x64.Build.0 = Release|x64
		{660F7DA7-7BF7-480F-8E2C-16AE1A01E073}.Release|x86.ActiveCfg = Release|Win32
		{660F7DA7-7BF7-480F-8E2C-16AE1A01E073}.Release|x86.Build.0 = Release|Win32
	EndGlobalSection
	GlobalSection(SolutionProperties) = preSolution
		HideSolutionNode = FALSE
	EndGlobalSection
	GlobalSection(ExtensibilityGlobals) = postSolution
		SolutionGuid = {B29EABD9-E41D-4427-8E35-921FB9BAE7EB}
	EndGlobalSection
EndGlobal
